{
  "nodes": {
    "base-nixpkgs": {
      "inputs": {
        "flake-parts": "flake-parts",
        "stable": "stable",
        "unstable": "unstable"
      },
      "locked": {
        "dir": "base-nixpkgs",
        "lastModified": 1779507998,
        "narHash": "sha256-xoJnTjJVo2LTCB04cdpIa9/ta/L20Uwmlp4fLH9JWb8=",
        "owner": "ck3mp3r",
        "repo": "flakes",
        "rev": "bf1abfd8d08829c33d5a8c26ac82d13e7acb02d8",
        "type": "github"
      },
      "original": {
        "dir": "base-nixpkgs",
        "owner": "ck3mp3r",
        "repo": "flakes",
        "type": "github"
      }
    },
    "base-nixpkgs_2": {
      "inputs": {
        "flake-parts": "flake-parts_3",
        "stable": "stable_2",
        "unstable": "unstable_2"
      },
      "locked": {
        "dir": "base-nixpkgs",
        "lastModified": 1778980900,
        "narHash": "sha256-o5OCElfNCJuTBbRxTm9/doG5x0IbPH8kMypwaWPeRb0=",
        "owner": "ck3mp3r",
        "repo": "flakes",
        "rev": "b3fa22ee1b5b3c2e59afba1dd08facd588126d9e",
        "type": "github"
      },
      "original": {
        "dir": "base-nixpkgs",
        "owner": "ck3mp3r",
        "repo": "flakes",
        "type": "github"
      }
    },
    "cachix": {
      "inputs": {
        "devenv": [
          "devenv"
        ],
        "flake-compat": [
          "devenv",
          "flake-compat"
        ],
        "git-hooks": [
          "devenv",
          "git-hooks"
        ],
        "nixpkgs": [
          "devenv",
          "nixpkgs"
        ]
      },
      "locked": {
        "lastModified": 1777487137,
        "narHash": "sha256-TuvKVBX60mqyMT6OB5JqVEh1YIWtFMR/igLCaCdC9tw=",
        "owner": "cachix",
        "repo": "cachix",
        "rev": "a66a440c321d35f7193472c317f42a55ccd1cb93",
        "type": "github"
      },
      "original": {
        "owner": "cachix",
        "ref": "latest",
        "repo": "cachix",
        "type": "github"
      }
    },
    "crate2nix": {
      "flake": false,
      "locked": {
        "lastModified": 1772186516,
        "narHash": "sha256-8s28pzmQ6TOIUzznwFibtW1CMieMUl1rYJIxoQYor58=",
        "owner": "rossng",
        "repo": "crate2nix",
        "rev": "ba5dd398e31ee422fbe021767eb83b0650303a6e",
        "type": "github"
      },
      "original": {
        "owner": "rossng",
        "repo": "crate2nix",
        "rev": "ba5dd398e31ee422fbe021767eb83b0650303a6e",
        "type": "github"
      }
    },
    "devenv": {
      "inputs": {
        "cachix": "cachix",
        "crate2nix": "crate2nix",
        "flake-compat": "flake-compat",
        "flake-parts": "flake-parts_2",
        "ghostty": "ghostty",
        "git-hooks": "git-hooks",
        "nix": "nix",
        "nixd": "nixd",
        "nixpkgs": [
          "nixpkgs"
        ],
        "rust-overlay": "rust-overlay"
      },
      "locked": {
        "lastModified": 1779566536,
        "narHash": "sha256-KlMZMcgyU0BFUW2JCrCb9IHJMgCdG0eyhukpu9pwXLs=",
        "owner": "cachix",
        "repo": "devenv",
        "rev": "6715fab7a826d108278fbfd6ef35a61f49ab7ac9",
        "type": "github"
      },
      "original": {
        "owner": "cachix",
        "repo": "devenv",
        "type": "github"
      }
    },
    "flake-compat": {
      "flake": false,
      "locked": {
        "lastModified": 1767039857,
        "narHash": "sha256-vNpUSpF5Nuw8xvDLj2KCwwksIbjua2LZCqhV1LNRDns=",
        "owner": "edolstra",
        "repo": "flake-compat",
        "rev": "5edf11c44bc78a0d334f6334cdaf7d60d732daab",
        "type": "github"
      },
      "original": {
        "owner": "edolstra",
        "repo": "flake-compat",
        "type": "github"
      }
    },
    "flake-parts": {
      "inputs": {
        "nixpkgs-lib": "nixpkgs-lib"
      },
      "locked": {
        "lastModified": 1778716662,
        "narHash": "sha256-m1Yf0wZ8j1OHjTc2UwHwyQRSnNeSgLJOd7q5Y45hzi4=",
        "owner": "hercules-ci",
        "repo": "flake-parts",
        "rev": "f7c1a2d347e4c52d5fb8d10cb4d94b5884e546fb",
        "type": "github"
      },
      "original": {
        "owner": "hercules-ci",
        "repo": "flake-parts",
        "type": "github"
      }
    },
    "flake-parts_2": {
      "inputs": {
        "nixpkgs-lib": [
          "devenv",
          "nixpkgs"
        ]
      },
      "locked": {
        "lastModified": 1778716662,
        "narHash": "sha256-m1Yf0wZ8j1OHjTc2UwHwyQRSnNeSgLJOd7q5Y45hzi4=",
        "owner": "hercules-ci",
        "repo": "flake-parts",
        "rev": "f7c1a2d347e4c52d5fb8d10cb4d94b5884e546fb",
        "type": "github"
      },
      "original": {
        "owner": "hercules-ci",
        "repo": "flake-parts",
        "type": "github"
      }
    },
    "flake-parts_3": {
      "inputs": {
        "nixpkgs-lib": "nixpkgs-lib_2"
      },
      "locked": {
        "lastModified": 1778716662,
        "narHash": "sha256-m1Yf0wZ8j1OHjTc2UwHwyQRSnNeSgLJOd7q5Y45hzi4=",
        "owner": "hercules-ci",
        "repo": "flake-parts",
        "rev": "f7c1a2d347e4c52d5fb8d10cb4d94b5884e546fb",
        "type": "github"
      },
      "original": {
        "owner": "hercules-ci",
        "repo": "flake-parts",
        "type": "github"
      }
    },
    "flake-parts_4": {
      "inputs": {
        "nixpkgs-lib": "nixpkgs-lib_3"
      },
      "locked": {
        "lastModified": 1778716662,
        "narHash": "sha256-m1Yf0wZ8j1OHjTc2UwHwyQRSnNeSgLJOd7q5Y45hzi4=",
        "owner": "hercules-ci",
        "repo": "flake-parts",
        "rev": "f7c1a2d347e4c52d5fb8d10cb4d94b5884e546fb",
        "type": "github"
      },
      "original": {
        "owner": "hercules-ci",
        "repo": "flake-parts",
        "type": "github"
      }
    },
    "ghostty": {
      "flake": false,
      "locked": {
        "lastModified": 1779069789,
        "narHash": "sha256-ojo+gso45/6CVSuqfSVnlWpQ4d0QeLgwok+v/g3yu0E=",
        "owner": "ghostty-org",
        "repo": "ghostty",
        "rev": "4b7bf0b20e3baf9c1ba10c63f2ad1fd853faea8f",
        "type": "github"
      },
      "original": {
        "owner": "ghostty-org",
        "repo": "ghostty",
        "type": "github"
      }
    },
    "git-hooks": {
      "inputs": {
        "flake-compat": [
          "devenv",
          "flake-compat"
        ],
        "gitignore": "gitignore",
        "nixpkgs": [
          "devenv",
          "nixpkgs"
        ]
      },
      "locked": {
        "lastModified": 1778507602,
        "narHash": "sha256-kTwur1wV+01SdqskVMSo6JMEpg71ps3HpbFY2GsflKs=",
        "owner": "cachix",
        "repo": "git-hooks.nix",
        "rev": "61ab0e80d9c7ab14c256b5b453d8b3fb0189ba0a",
        "type": "github"
      },
      "original": {
        "owner": "cachix",
        "repo": "git-hooks.nix",
        "type": "github"
      }
    },
    "gitignore": {
      "inputs": {
        "nixpkgs": [
          "devenv",
          "git-hooks",
          "nixpkgs"
        ]
      },
      "locked": {
        "lastModified": 1709087332,
        "narHash": "sha256-HG2cCnktfHsKV0s4XW83gU3F57gaTljL9KNSuG6bnQs=",
        "owner": "hercules-ci",
        "repo": "gitignore.nix",
        "rev": "637db329424fd7e46cf4185293b9cc8c88c95394",
        "type": "github"
      },
      "original": {
        "owner": "hercules-ci",
        "repo": "gitignore.nix",
        "type": "github"
      }
    },
    "nix": {
      "inputs": {
        "flake-compat": [
          "devenv",
          "flake-compat"
        ],
        "flake-parts": [
          "devenv",
          "flake-parts"
        ],
        "git-hooks-nix": [
          "devenv",
          "git-hooks"
        ],
        "nixpkgs": [
          "devenv",
          "nixpkgs"
        ],
        "nixpkgs-23-11": [
          "devenv"
        ],
        "nixpkgs-regression": [
          "devenv"
        ]
      },
      "locked": {
        "lastModified": 1779391158,
        "narHash": "sha256-NUKwtyaooPLJPBOdg0piBgR6NIzY/n2W45+qkYdh+h8=",
        "owner": "cachix",
        "repo": "nix",
        "rev": "b58ad8fb752809db919ae865c6b2aa3be7d55e1f",
        "type": "github"
      },
      "original": {
        "owner": "cachix",
        "ref": "devenv-2.34",
        "repo": "nix",
        "type": "github"
      }
    },
    "nixd": {
      "inputs": {
        "flake-parts": [
          "devenv",
          "flake-parts"
        ],
        "nixpkgs": [
          "devenv",
          "nixpkgs"
        ],
        "treefmt-nix": "treefmt-nix"
      },
      "locked": {
        "lastModified": 1778381404,
        "narHash": "sha256-FqhdOTA8vyoIpkHhbs2cCT7h6EWM7nsLeOYJc1ifQLE=",
        "owner": "nix-community",
        "repo": "nixd",
        "rev": "e3e45eb76663f522e196b7f0cf34cab201db7779",
        "type": "github"
      },
      "original": {
        "owner": "nix-community",
        "repo": "nixd",
        "type": "github"
      }
    },
    "nixpkgs-lib": {
      "locked": {
        "lastModified": 1777168982,
        "narHash": "sha256-GOkGPcboWE9BmGCRMLX3worL4EMnsnG8MyKmXNeYuhQ=",
        "owner": "nix-community",
        "repo": "nixpkgs.lib",
        "rev": "f5901329dade4a6ea039af1433fb087bd9c1fe14",
        "type": "github"
      },
      "original": {
        "owner": "nix-community",
        "repo": "nixpkgs.lib",
        "type": "github"
      }
    },
    "nixpkgs-lib_2": {
      "locked": {
        "lastModified": 1777168982,
        "narHash": "sha256-GOkGPcboWE9BmGCRMLX3worL4EMnsnG8MyKmXNeYuhQ=",
        "owner": "nix-community",
        "repo": "nixpkgs.lib",
        "rev": "f5901329dade4a6ea039af1433fb087bd9c1fe14",
        "type": "github"
      },
      "original": {
        "owner": "nix-community",
        "repo": "nixpkgs.lib",
        "type": "github"
      }
    },
    "nixpkgs-lib_3": {
      "locked": {
        "lastModified": 1777168982,
        "narHash": "sha256-GOkGPcboWE9BmGCRMLX3worL4EMnsnG8MyKmXNeYuhQ=",
        "owner": "nix-community",
        "repo": "nixpkgs.lib",
        "rev": "f5901329dade4a6ea039af1433fb087bd9c1fe14",
        "type": "github"
      },
      "original": {
        "owner": "nix-community",
        "repo": "nixpkgs.lib",
        "type": "github"
      }
    },
    "root": {
      "inputs": {
        "base-nixpkgs": "base-nixpkgs",
        "devenv": "devenv",
        "nixpkgs": [
          "base-nixpkgs",
          "unstable"
        ],
        "topiary-nu": "topiary-nu"
      }
    },
    "rust-overlay": {
      "inputs": {
        "nixpkgs": [
          "devenv",
          "nixpkgs"
        ]
      },
      "locked": {
        "lastModified": 1779074409,
        "narHash": "sha256-6aXy8Ga41iLVM8ibddFU1O5+wYWcBGNEfZzZuL91eIc=",
        "owner": "oxalica",
        "repo": "rust-overlay",
        "rev": "2a77b5b1dc952f214e8102acdef1622b68515560",
        "type": "github"
      },
      "original": {
        "owner": "oxalica",
        "repo": "rust-overlay",
        "type": "github"
      }
    },
    "stable": {
      "locked": {
        "lastModified": 1778973499,
        "narHash": "sha256-dRK19Bs8rH150+Nnqa20UhWDaNPo96zcNU0ETGYlKSI=",
        "owner": "nixos",
        "repo": "nixpkgs",
        "rev": "04423597d45a6f4dd5f33af526a4efedf9b86ec7",
        "type": "github"
      },
      "original": {
        "owner": "nixos",
        "ref": "release-25.11",
        "repo": "nixpkgs",
        "type": "github"
      }
    },
    "stable_2": {
      "locked": {
        "lastModified": 1778973499,
        "narHash": "sha256-dRK19Bs8rH150+Nnqa20UhWDaNPo96zcNU0ETGYlKSI=",
        "owner": "nixos",
        "repo": "nixpkgs",
        "rev": "04423597d45a6f4dd5f33af526a4efedf9b86ec7",
        "type": "github"
      },
      "original": {
        "owner": "nixos",
        "ref": "release-25.11",
        "repo": "nixpkgs",
        "type": "github"
      }
    },
    "topiary-nu": {
      "inputs": {
        "base-nixpkgs": "base-nixpkgs_2",
        "flake-parts": "flake-parts_4",
        "nixpkgs": [
          "nixpkgs"
        ],
        "topiary-nushell": "topiary-nushell",
        "tree-sitter-nu": "tree-sitter-nu"
      },
      "locked": {
        "dir": "topiary-nu",
        "lastModified": 1779507998,
        "narHash": "sha256-xoJnTjJVo2LTCB04cdpIa9/ta/L20Uwmlp4fLH9JWb8=",
        "owner": "ck3mp3r",
        "repo": "flakes",
        "rev": "bf1abfd8d08829c33d5a8c26ac82d13e7acb02d8",
        "type": "github"
      },
      "original": {
        "dir": "topiary-nu",
        "owner": "ck3mp3r",
        "repo": "flakes",
        "type": "github"
      }
    },
    "topiary-nushell": {
      "flake": false,
      "locked": {
        "lastModified": 1772590084,
        "narHash": "sha256-fTfxSnVI7TY6vQhD+GimPBRJ4K0SyyVtoLcLGH3xIPc=",
        "owner": "blindFS",
        "repo": "topiary-nushell",
        "rev": "6e2f9b339a664a46e4015fa5d79e537807fefa39",
        "type": "github"
      },
      "original": {
        "owner": "blindFS",
        "repo": "topiary-nushell",
        "type": "github"
      }
    },
    "tree-sitter-nu": {
      "flake": false,
      "locked": {
        "lastModified": 1776898620,
        "narHash": "sha256-OL3fqHjimJ9VrR2UoeIdLxKKcsA1J80A9T8GSBO9KwE=",
        "owner": "nushell",
        "repo": "tree-sitter-nu",
        "rev": "348b787d8b0409091d85fe9d4eb007fe9f3406bb",
        "type": "github"
      },
      "original": {
        "owner": "nushell",
        "repo": "tree-sitter-nu",
        "type": "github"
      }
    },
    "treefmt-nix": {
      "inputs": {
        "nixpkgs": [
          "devenv",
          "nixd",
          "nixpkgs"
        ]
      },
      "locked": {
        "lastModified": 1775636079,
        "narHash": "sha256-pc20NRoMdiar8oPQceQT47UUZMBTiMdUuWrYu2obUP0=",
        "owner": "numtide",
        "repo": "treefmt-nix",
        "rev": "790751ff7fd3801feeaf96d7dc416a8d581265ba",
        "type": "github"
      },
      "original": {
        "owner": "numtide",
        "repo": "treefmt-nix",
        "type": "github"
      }
    },
    "unstable": {
      "locked": {
        "lastModified": 1778869304,
        "narHash": "sha256-30sZNZoA1cqF5JNO9fVX+wgiQYjB7HJqqJ4ztCDeBZE=",
        "owner": "nixos",
        "repo": "nixpkgs",
        "rev": "d233902339c02a9c334e7e593de68855ad26c4cb",
        "type": "github"
      },
      "original": {
        "owner": "nixos",
        "ref": "nixos-unstable",
        "repo": "nixpkgs",
        "type": "github"
      }
    },
    "unstable_2": {
      "locked": {
        "lastModified": 1778869304,
        "narHash": "sha256-30sZNZoA1cqF5JNO9fVX+wgiQYjB7HJqqJ4ztCDeBZE=",
        "owner": "nixos",
        "repo": "nixpkgs",
        "rev": "d233902339c02a9c334e7e593de68855ad26c4cb",
        "type": "github"
      },
      "original": {
        "owner": "nixos",
        "ref": "nixos-unstable",
        "repo": "nixpkgs",
        "type": "github"
      }
    }
  },
  "root": "root",
  "version": 7
}
