name: update-flake-lock
on:
  workflow_dispatch: # allows manual triggering
  schedule:
    - cron: "0 0 * * 0" # runs weekly on Sunday at 00:00
    - cron: "30 0 * * 0" # runs on Sunday at 00:30

jobs:
  lockfile:
    runs-on: ubuntu-latest
    if: ${{ github.event_name != 'pull_request' }}
    steps:
      - name: Checkout repository
        uses: actions/checkout@v4

      - name: Install Nix
        uses: DeterminateSystems/nix-installer-action@main

      - uses: actions/create-github-app-token@v2
        if: ${{ !env.ACT }}
        id: token
        with:
          app-id: ${{ secrets.BOT_ID }}
          private-key: ${{ secrets.BOT }}

      - name: update flake lock
        if: ${{ !env.ACT }}
        uses: ./update-flake-lock
        with:
          github-token: ${{ steps.token.outputs.token }}
          checks-required: "nix-flake-check"

      - name: update flake lock
        if: ${{ env.ACT }}
        uses: ./update-flake-lock
